
Microsoft Visual Studio Solution File, Format Version 12.00
# Visual Studio Version 16
VisualStudioVersion = 16.0.29806.167
MinimumVisualStudioVersion = 10.0.40219.1
Project("{FAE04EC0-301F-11D3-BF4B-00C04F79EFBC}") = "Reed-Muller", "Reed-Muller\Reed-Muller.csproj", "{3E243880-313B-4FA6-A371-E404E411AB23}"
EndProject
Global
	GlobalSection(SolutionConfigurationPlatforms) = preSolution
		Debug|Any CPU = Debug|Any CPU
		Release|Any CPU = Release|Any CPU
	EndGlobalSection
	GlobalSection(ProjectConfigurationPlatforms) = postSolution
		{3E243880-313B-4FA6-A371-E404E411AB23}.Debug|Any CPU.ActiveCfg = Debug|Any CPU
		{3E243880-313B-4FA6-A371-E404E411AB23}.Debug|Any CPU.Build.0 = Debug|Any CPU
		{3E243880-313B-4FA6-A371-E404E411AB23}.Release|Any CPU.ActiveCfg = Release|Any CPU
		{3E243880-313B-4FA6-A371-E404E411AB23}.Release|Any CPU.Build.0 = Release|Any CPU
	EndGlobalSection
	GlobalSection(SolutionProperties) = preSolution
		HideSolutionNode = FALSE
	EndGlobalSection
	GlobalSection(ExtensibilityGlobals) = postSolution
		SolutionGuid = {FBC81ED6-6269-454D-8633-917A2F3DDF96}
	EndGlobalSection
EndGlobal
